
Microsoft Visual Studio Solution File, Format Version 12.00
Project("{FAE04EC0-301F-11D3-BF4B-00C04F79EFBC}") = "Our.Umbraco.Forms.Validator", "Our.Umbraco.Forms.Validator\Our.Umbraco.Forms.Validator.csproj", "{D1C6AF7B-81AD-485E-9878-EC495620B089}"
EndProject
Project("{FAE04EC0-301F-11D3-BF4B-00C04F79EFBC}") = "Our.Umbraco.Forms.Validator.Core", "Our.Umbraco.Forms.Validator.Core\Our.Umbraco.Forms.Validator.Core.csproj", "{B067546E-A3BF-40A4-8ACF-BB08B8CBFAA6}"
EndProject
Project("{2150E333-8FDC-42A3-9474-1A3956D46DE8}") = "Packages", "Packages", "{88BD6297-A42D-4AED-A23A-990334C11156}"
EndProject
Global
	GlobalSection(SolutionConfigurationPlatforms) = preSolution
		Debug|Any CPU = Debug|Any CPU
		Release|Any CPU = Release|Any CPU
	EndGlobalSection
	GlobalSection(ProjectConfigurationPlatforms) = postSolution
		{D1C6AF7B-81AD-485E-9878-EC495620B089}.Debug|Any CPU.ActiveCfg = Debug|Any CPU
		{D1C6AF7B-81AD-485E-9878-EC495620B089}.Debug|Any CPU.Build.0 = Debug|Any CPU
		{D1C6AF7B-81AD-485E-9878-EC495620B089}.Release|Any CPU.ActiveCfg = Release|Any CPU
		{D1C6AF7B-81AD-485E-9878-EC495620B089}.Release|Any CPU.Build.0 = Release|Any CPU
		{B067546E-A3BF-40A4-8ACF-BB08B8CBFAA6}.Debug|Any CPU.ActiveCfg = Debug|Any CPU
		{B067546E-A3BF-40A4-8ACF-BB08B8CBFAA6}.Debug|Any CPU.Build.0 = Debug|Any CPU
		{B067546E-A3BF-40A4-8ACF-BB08B8CBFAA6}.Release|Any CPU.ActiveCfg = Release|Any CPU
		{B067546E-A3BF-40A4-8ACF-BB08B8CBFAA6}.Release|Any CPU.Build.0 = Release|Any CPU
	EndGlobalSection
	GlobalSection(NestedProjects) = preSolution
		{D1C6AF7B-81AD-485E-9878-EC495620B089} = {88BD6297-A42D-4AED-A23A-990334C11156}
		{B067546E-A3BF-40A4-8ACF-BB08B8CBFAA6} = {88BD6297-A42D-4AED-A23A-990334C11156}
	EndGlobalSection
EndGlobal
